
Microsoft Visual Studio Solution File, Format Version 12.00
# Visual Studio Version 16
VisualStudioVersion = 16.0.31112.23
MinimumVisualStudioVersion = 10.0.40219.1
Project("{FAE04EC0-301F-11D3-BF4B-00C04F79EFBC}") = "TextGame", "TextGame\TextGame.csproj", "{A85DD40D-8AE5-48FC-A036-88D8881F3E1C}"
EndProject
Global
	GlobalSection(SolutionConfigurationPlatforms) = preSolution
		Debug|Any CPU = Debug|Any CPU
		Release|Any CPU = Release|Any CPU
	EndGlobalSection
	GlobalSection(ProjectConfigurationPlatforms) = postSolution
		{A85DD40D-8AE5-48FC-A036-88D8881F3E1C}.Debug|Any CPU.ActiveCfg = Debug|Any CPU
		{A85DD40D-8AE5-48FC-A036-88D8881F3E1C}.Debug|Any CPU.Build.0 = Debug|Any CPU
		{A85DD40D-8AE5-48FC-A036-88D8881F3E1C}.Release|Any CPU.ActiveCfg = Release|Any CPU
		{A85DD40D-8AE5-48FC-A036-88D8881F3E1C}.Release|Any CPU.Build.0 = Release|Any CPU
	EndGlobalSection
	GlobalSection(SolutionProperties) = preSolution
		HideSolutionNode = FALSE
	EndGlobalSection
	GlobalSection(ExtensibilityGlobals) = postSolution
		SolutionGuid = {D4428757-1F52-413A-8419-C9E03D9E1090}
	EndGlobalSection
EndGlobal
