
Microsoft Visual Studio Solution File, Format Version 12.00
# Visual Studio Version 16
VisualStudioVersion = 16.0.31229.75
MinimumVisualStudioVersion = 10.0.40219.1
Project("{8BC9CEB8-8B4A-11D0-8D11-00A0C91BC942}") = "GP_BinaryTree", "GP_BinaryTree\GP_BinaryTree.vcxproj", "{9B791D9C-8466-4BD6-8F51-5650C514489D}"
EndProject
Global
	GlobalSection(SolutionConfigurationPlatforms) = preSolution
		Debug|x64 = Debug|x64
		Debug|x86 = Debug|x86
		Release|x64 = Release|x64
		Release|x86 = Release|x86
	EndGlobalSection
	GlobalSection(ProjectConfigurationPlatforms) = postSolution
		{9B791D9C-8466-4BD6-8F51-5650C514489D}.Debug|x64.ActiveCfg = Debug|x64
		{9B791D9C-8466-4BD6-8F51-5650C514489D}.Debug|x64.Build.0 = Debug|x64
		{9B791D9C-8466-4BD6-8F51-5650C514489D}.Debug|x86.ActiveCfg = Debug|Win32
		{9B791D9C-8466-4BD6-8F51-5650C514489D}.Debug|x86.Build.0 = Debug|Win32
		{9B791D9C-8466-4BD6-8F51-5650C514489D}.Release|x64.ActiveCfg = Release|x64
		{9B791D9C-8466-4BD6-8F51-5650C514489D}.Release|x64.Build.0 = Release|x64
		{9B791D9C-8466-4BD6-8F51-5650C514489D}.Release|x86.ActiveCfg = Release|Win32
		{9B791D9C-8466-4BD6-8F51-5650C514489D}.Release|x86.Build.0 = Release|Win32
	EndGlobalSection
	GlobalSection(SolutionProperties) = preSolution
		HideSolutionNode = FALSE
	EndGlobalSection
	GlobalSection(ExtensibilityGlobals) = postSolution
		SolutionGuid = {8B22FE0E-FCDF-4B29-B093-814A153072CD}
	EndGlobalSection
EndGlobal
